{
  "originHash" : "ebd4665c4a5a504734a4f57069900d09f36be38b14b8ffc3ef64886684e19255",
  "pins" : [
    {
      "identity" : "freemiumkit",
      "kind" : "remoteSourceControl",
      "location" : "https://github.com/FlineDev/FreemiumKit.git",
      "state" : {
        "revision" : "602b69b45c0e827ef1514c6386ed762b6dba7747",
        "version" : "1.16.0"
      }
    },
    {
      "identity" : "handyswift",
      "kind" : "remoteSourceControl",
      "location" : "https://github.com/FlineDev/HandySwift.git",
      "state" : {
        "branch" : "main",
        "revision" : "d53cbc21b9a44c3730615ce2ef4493f9f8379a4f"
      }
    },
    {
      "identity" : "handyswiftui",
      "kind" : "remoteSourceControl",
      "location" : "https://github.com/FlineDev/HandySwiftUI.git",
      "state" : {
        "branch" : "main",
        "revision" : "638b7cab68c7455ca47efccb9ba6f5540b3a144b"
      }
    },
    {
      "identity" : "linkskit",
      "kind" : "remoteSourceControl",
      "location" : "https://github.com/FlineDev/LinksKit.git",
      "state" : {
        "branch" : "main",
        "revision" : "b15a223647bc614e92201edb754d92fef7902d74"
      }
    },
    {
      "identity" : "reviewkit",
      "kind" : "remoteSourceControl",
      "location" : "https://github.com/FlineDev/ReviewKit.git",
      "state" : {
        "branch" : "main",
        "revision" : "31330de1b0f9125107b60468a8e1678ba1c1d382"
      }
    },
    {
      "identity" : "swift-collections",
      "kind" : "remoteSourceControl",
      "location" : "https://github.com/apple/swift-collections.git",
      "state" : {
        "revision" : "671108c96644956dddcd89dd59c203dcdb36cec7",
        "version" : "1.1.4"
      }
    },
    {
      "identity" : "swift-identified-collections",
      "kind" : "remoteSourceControl",
      "location" : "https://github.com/pointfreeco/swift-identified-collections.git",
      "state" : {
        "revision" : "2f5ab6e091dd032b63dacbda052405756010dc3b",
        "version" : "1.1.0"
      }
    },
    {
      "identity" : "swift-syntax",
      "kind" : "remoteSourceControl",
      "location" : "https://github.com/apple/swift-syntax.git",
      "state" : {
        "revision" : "0687f71944021d616d34d922343dcef086855920",
        "version" : "600.0.1"
      }
    },
    {
      "identity" : "swiftsdk",
      "kind" : "remoteSourceControl",
      "location" : "https://github.com/TelemetryDeck/SwiftSDK.git",
      "state" : {
        "revision" : "e1a5f4ea47888e7e40cb2d40bea43ed4f1f5bfff",
        "version" : "2.6.1"
      }
    },
    {
      "identity" : "translatekit",
      "kind" : "remoteSourceControl",
      "location" : "https://github.com/FlineDev/TranslateKit.git",
      "state" : {
        "branch" : "main",
        "revision" : "e1e9c41a674e642ae110b884d8106fa96ee44a70"
      }
    }
  ],
  "version" : 3
}
