{
  "originHash" : "7cfa0306da1831077dd170313da09f97626eb57508c7a558d2987415c628de44",
  "pins" : [
    {
      "identity" : "errorkit",
      "kind" : "remoteSourceControl",
      "location" : "https://github.com/FlineDev/ErrorKit.git",
      "state" : {
        "branch" : "main",
        "revision" : "2c1aa891c3ddcd2c2d86cbf3d7b63caeb0319253"
      }
    },
    {
      "identity" : "freemiumkit",
      "kind" : "remoteSourceControl",
      "location" : "https://github.com/FlineDev/FreemiumKit.git",
      "state" : {
        "revision" : "3ba71311448d2c7f706b0b5e34b014999a1af856",
        "version" : "1.18.0"
      }
    },
    {
      "identity" : "handyswift",
      "kind" : "remoteSourceControl",
      "location" : "https://github.com/FlineDev/HandySwift.git",
      "state" : {
        "branch" : "main",
        "revision" : "e9defa22f6c0f3ae529b6256375d679061f830ee"
      }
    },
    {
      "identity" : "handyswiftui",
      "kind" : "remoteSourceControl",
      "location" : "https://github.com/FlineDev/HandySwiftUI.git",
      "state" : {
        "branch" : "main",
        "revision" : "d8a4f8e3d3148ea85c379d804e6ad2199b93b5ec"
      }
    },
    {
      "identity" : "linkskit",
      "kind" : "remoteSourceControl",
      "location" : "https://github.com/FlineDev/LinksKit.git",
      "state" : {
        "branch" : "main",
        "revision" : "ee42ce9a0859794971fd6448ee916db5088595cb"
      }
    },
    {
      "identity" : "reviewkit",
      "kind" : "remoteSourceControl",
      "location" : "https://github.com/FlineDev/ReviewKit.git",
      "state" : {
        "branch" : "main",
        "revision" : "6cf7911ecf14ced415b12f50344f9a5a68049d2f"
      }
    },
    {
      "identity" : "swift-asn1",
      "kind" : "remoteSourceControl",
      "location" : "https://github.com/apple/swift-asn1.git",
      "state" : {
        "revision" : "a54383ada6cecde007d374f58f864e29370ba5c3",
        "version" : "1.3.2"
      }
    },
    {
      "identity" : "swift-collections",
      "kind" : "remoteSourceControl",
      "location" : "https://github.com/apple/swift-collections.git",
      "state" : {
        "revision" : "c1805596154bb3a265fd91b8ac0c4433b4348fb0",
        "version" : "1.2.0"
      }
    },
    {
      "identity" : "swift-crypto",
      "kind" : "remoteSourceControl",
      "location" : "https://github.com/apple/swift-crypto.git",
      "state" : {
        "revision" : "e8d6eba1fef23ae5b359c46b03f7d94be2f41fed",
        "version" : "3.12.3"
      }
    },
    {
      "identity" : "swift-identified-collections",
      "kind" : "remoteSourceControl",
      "location" : "https://github.com/pointfreeco/swift-identified-collections.git",
      "state" : {
        "revision" : "322d9ffeeba85c9f7c4984b39422ec7cc3c56597",
        "version" : "1.1.1"
      }
    },
    {
      "identity" : "swift-syntax",
      "kind" : "remoteSourceControl",
      "location" : "https://github.com/apple/swift-syntax.git",
      "state" : {
        "revision" : "f99ae8aa18f0cf0d53481901f88a0991dc3bd4a2",
        "version" : "601.0.1"
      }
    },
    {
      "identity" : "swiftsdk",
      "kind" : "remoteSourceControl",
      "location" : "https://github.com/TelemetryDeck/SwiftSDK.git",
      "state" : {
        "revision" : "a7fd1eb469589a3c8fd8cc3abe19b092b5d674dc",
        "version" : "2.9.4"
      }
    },
    {
      "identity" : "translatekit",
      "kind" : "remoteSourceControl",
      "location" : "https://github.com/FlineDev/TranslateKit.git",
      "state" : {
        "branch" : "main",
        "revision" : "03f38dcc0b64aaa9c33008c25f4798bf40272b7f"
      }
    }
  ],
  "version" : 3
}
