{
  "originHash" : "6d86f9c4236804b8dee007ae24f649993c26bb8211bceaa66ce0ea993765f85b",
  "pins" : [
    {
      "identity" : "errorkit",
      "kind" : "remoteSourceControl",
      "location" : "https://github.com/FlineDev/ErrorKit.git",
      "state" : {
        "branch" : "main",
        "revision" : "6951a8d934bf233aa4f277d59cc00b7b7cfb8629"
      }
    },
    {
      "identity" : "freemiumkit",
      "kind" : "remoteSourceControl",
      "location" : "https://github.com/FlineDev/FreemiumKit.git",
      "state" : {
        "revision" : "49ad4b299a96c412670696da311452b9db0d5b95",
        "version" : "1.18.3"
      }
    },
    {
      "identity" : "handyswift",
      "kind" : "remoteSourceControl",
      "location" : "https://github.com/FlineDev/HandySwift.git",
      "state" : {
        "branch" : "main",
        "revision" : "49390b532d1cb831c30b6d5f910b3a1351de17f4"
      }
    },
    {
      "identity" : "handyswiftui",
      "kind" : "remoteSourceControl",
      "location" : "https://github.com/FlineDev/HandySwiftUI.git",
      "state" : {
        "branch" : "main",
        "revision" : "71ae7d0c77ec142315698f2cc3cbb6ebf135981f"
      }
    },
    {
      "identity" : "linkskit",
      "kind" : "remoteSourceControl",
      "location" : "https://github.com/FlineDev/LinksKit.git",
      "state" : {
        "branch" : "main",
        "revision" : "1f25c76ffc0dcc365135f12df7413b155a41d515"
      }
    },
    {
      "identity" : "reviewkit",
      "kind" : "remoteSourceControl",
      "location" : "https://github.com/FlineDev/ReviewKit.git",
      "state" : {
        "branch" : "main",
        "revision" : "eefe8754bb96b267f7dc908b8de7a7170bc1fe7b"
      }
    },
    {
      "identity" : "swift-asn1",
      "kind" : "remoteSourceControl",
      "location" : "https://github.com/apple/swift-asn1.git",
      "state" : {
        "revision" : "810496cf121e525d660cd0ea89a758740476b85f",
        "version" : "1.5.1"
      }
    },
    {
      "identity" : "swift-collections",
      "kind" : "remoteSourceControl",
      "location" : "https://github.com/apple/swift-collections.git",
      "state" : {
        "revision" : "7b847a3b7008b2dc2f47ca3110d8c782fb2e5c7e",
        "version" : "1.3.0"
      }
    },
    {
      "identity" : "swift-crypto",
      "kind" : "remoteSourceControl",
      "location" : "https://github.com/apple/swift-crypto.git",
      "state" : {
        "revision" : "95ba0316a9b733e92bb6b071255ff46263bbe7dc",
        "version" : "3.15.1"
      }
    },
    {
      "identity" : "swift-identified-collections",
      "kind" : "remoteSourceControl",
      "location" : "https://github.com/pointfreeco/swift-identified-collections.git",
      "state" : {
        "revision" : "322d9ffeeba85c9f7c4984b39422ec7cc3c56597",
        "version" : "1.1.1"
      }
    },
    {
      "identity" : "swift-syntax",
      "kind" : "remoteSourceControl",
      "location" : "https://github.com/apple/swift-syntax.git",
      "state" : {
        "revision" : "4799286537280063c85a32f09884cfbca301b1a1",
        "version" : "602.0.0"
      }
    },
    {
      "identity" : "swiftsdk",
      "kind" : "remoteSourceControl",
      "location" : "https://github.com/TelemetryDeck/SwiftSDK.git",
      "state" : {
        "revision" : "8f332c1c256ba26cc46f74c9e5af94f7b1c37a9c",
        "version" : "2.11.0"
      }
    },
    {
      "identity" : "translatekit",
      "kind" : "remoteSourceControl",
      "location" : "https://github.com/FlineDev/TranslateKit.git",
      "state" : {
        "branch" : "main",
        "revision" : "d65b1a5c8a4698fedb8d434f12d5cfbf76bac73c"
      }
    }
  ],
  "version" : 3
}
